# This file is autogenerated, do not edit; changes may be undone by the next 'dep ensure'.


[[projects]]
  name = "github.com/BurntSushi/toml"
  packages = ["."]
  revision = "b26d9c308763d68093482582cea63d69be07a0f0"
  version = "v0.3.0"

[[projects]]
  branch = "master"
  name = "github.com/apcera/termtables"
  packages = [".","term"]
  revision = "bcbc5dc54055d14996b256d348fb75cc6debe282"

[[projects]]
  branch = "master"
  name = "github.com/howeyc/gopass"
  packages = ["."]
  revision = "bf9dde6d0d2c004a008c27aaee91170c786f6db8"

[[projects]]
  name = "github.com/mattn/go-runewidth"
  packages = ["."]
  revision = "9e777a8366cce605130a531d2cd6363d07ad7317"
  version = "v0.0.2"

[[projects]]
  branch = "master"
  name = "github.com/segmentio/go-prompt"
  packages = ["."]
  revision = "f0d19b6901ade831d5a3204edc0d6a7d6457fbb2"

[[projects]]
  branch = "master"
  name = "github.com/y-yagi/configure"
  packages = ["."]
  revision = "65ccf933d7a324eb475f89a15079f82dedb1bb78"

[[projects]]
  branch = "master"
  name = "golang.org/x/crypto"
  packages = ["ssh/terminal"]
  revision = "94eea52f7b742c7cbe0b03b22f0c4c8631ece122"

[[projects]]
  branch = "master"
  name = "golang.org/x/sys"
  packages = ["unix","windows"]
  revision = "13fcbd661c8ececa8807a29b48407d674b1d8ed8"

[solve-meta]
  analyzer-name = "dep"
  analyzer-version = 1
  inputs-digest = "d31398be5ddaceaced64ca1a7c8c609541a527a268ba8b3a8880d586c543ffe4"
  solver-name = "gps-cdcl"
  solver-version = 1
